
Microsoft Visual Studio Solution File, Format Version 12.00
# Visual Studio Version 17
VisualStudioVersion = 17.6.33829.357
MinimumVisualStudioVersion = 10.0.40219.1
Project("{9A19103F-16F7-4668-BE54-9A1E7A4F7556}") = "TypesAndVariables", "TypesAndVariables\TypesAndVariables.csproj", "{30C3FB11-68AB-4CB7-9639-86E1A4840E86}"
EndProject
Project("{FAE04EC0-301F-11D3-BF4B-00C04F79EFBC}") = "Conditionals", "Conditionals\Conditionals.csproj", "{E00D0DA5-0506-481D-AF06-CB372523AC0C}"
EndProject
Project("{FAE04EC0-301F-11D3-BF4B-00C04F79EFBC}") = "Methods", "Methods\Methods.csproj", "{06F8503C-0A6B-41DE-844C-ED44BB949EFA}"
EndProject
Global
	GlobalSection(SolutionConfigurationPlatforms) = preSolution
		Debug|Any CPU = Debug|Any CPU
		Release|Any CPU = Release|Any CPU
	EndGlobalSection
	GlobalSection(ProjectConfigurationPlatforms) = postSolution
		{30C3FB11-68AB-4CB7-9639-86E1A4840E86}.Debug|Any CPU.ActiveCfg = Debug|Any CPU
		{30C3FB11-68AB-4CB7-9639-86E1A4840E86}.Debug|Any CPU.Build.0 = Debug|Any CPU
		{30C3FB11-68AB-4CB7-9639-86E1A4840E86}.Release|Any CPU.ActiveCfg = Release|Any CPU
		{30C3FB11-68AB-4CB7-9639-86E1A4840E86}.Release|Any CPU.Build.0 = Release|Any CPU
		{E00D0DA5-0506-481D-AF06-CB372523AC0C}.Debug|Any CPU.ActiveCfg = Debug|Any CPU
		{E00D0DA5-0506-481D-AF06-CB372523AC0C}.Debug|Any CPU.Build.0 = Debug|Any CPU
		{E00D0DA5-0506-481D-AF06-CB372523AC0C}.Release|Any CPU.ActiveCfg = Release|Any CPU
		{E00D0DA5-0506-481D-AF06-CB372523AC0C}.Release|Any CPU.Build.0 = Release|Any CPU
		{06F8503C-0A6B-41DE-844C-ED44BB949EFA}.Debug|Any CPU.ActiveCfg = Debug|Any CPU
		{06F8503C-0A6B-41DE-844C-ED44BB949EFA}.Debug|Any CPU.Build.0 = Debug|Any CPU
		{06F8503C-0A6B-41DE-844C-ED44BB949EFA}.Release|Any CPU.ActiveCfg = Release|Any CPU
		{06F8503C-0A6B-41DE-844C-ED44BB949EFA}.Release|Any CPU.Build.0 = Release|Any CPU
	EndGlobalSection
	GlobalSection(SolutionProperties) = preSolution
		HideSolutionNode = FALSE
	EndGlobalSection
	GlobalSection(ExtensibilityGlobals) = postSolution
		SolutionGuid = {8FB20C33-723C-44D1-85C8-8FE1680647D8}
	EndGlobalSection
EndGlobal
